
Microsoft Visual Studio Solution File, Format Version 12.00
# Visual Studio 15
VisualStudioVersion = 15.0.28010.0
MinimumVisualStudioVersion = 10.0.40219.1
Project("{FAE04EC0-301F-11D3-BF4B-00C04F79EFBC}") = "IntegradorFikon", "IntegradorFikon\IntegradorFikon.csproj", "{3BF77C1A-2D03-4E90-A54A-B8F9BBAC0A4B}"
EndProject
Project("{FAE04EC0-301F-11D3-BF4B-00C04F79EFBC}") = "IntegradorFikonForm", "IntegradorFikonForm\IntegradorFikonForm.csproj", "{3B3EAC4F-DFF5-4AF8-9B07-6893D95A1890}"
EndProject
Project("{54435603-DBB4-11D2-8724-00A0C9A8B90C}") = "IntegradorFikonSetup", "IntegradorFikonSetup\IntegradorFikonSetup.vdproj", "{9DE030FA-E3B5-4E6A-A6D9-0AEC67181788}"
EndProject
Global
	GlobalSection(SolutionConfigurationPlatforms) = preSolution
		Debug|Any CPU = Debug|Any CPU
		Release|Any CPU = Release|Any CPU
	EndGlobalSection
	GlobalSection(ProjectConfigurationPlatforms) = postSolution
		{3BF77C1A-2D03-4E90-A54A-B8F9BBAC0A4B}.Debug|Any CPU.ActiveCfg = Debug|Any CPU
		{3BF77C1A-2D03-4E90-A54A-B8F9BBAC0A4B}.Debug|Any CPU.Build.0 = Debug|Any CPU
		{3BF77C1A-2D03-4E90-A54A-B8F9BBAC0A4B}.Release|Any CPU.ActiveCfg = Release|Any CPU
		{3BF77C1A-2D03-4E90-A54A-B8F9BBAC0A4B}.Release|Any CPU.Build.0 = Release|Any CPU
		{3B3EAC4F-DFF5-4AF8-9B07-6893D95A1890}.Debug|Any CPU.ActiveCfg = Debug|Any CPU
		{3B3EAC4F-DFF5-4AF8-9B07-6893D95A1890}.Debug|Any CPU.Build.0 = Debug|Any CPU
		{3B3EAC4F-DFF5-4AF8-9B07-6893D95A1890}.Release|Any CPU.ActiveCfg = Release|Any CPU
		{3B3EAC4F-DFF5-4AF8-9B07-6893D95A1890}.Release|Any CPU.Build.0 = Release|Any CPU
		{9DE030FA-E3B5-4E6A-A6D9-0AEC67181788}.Debug|Any CPU.ActiveCfg = Debug
		{9DE030FA-E3B5-4E6A-A6D9-0AEC67181788}.Debug|Any CPU.Build.0 = Debug
		{9DE030FA-E3B5-4E6A-A6D9-0AEC67181788}.Release|Any CPU.ActiveCfg = Release
		{9DE030FA-E3B5-4E6A-A6D9-0AEC67181788}.Release|Any CPU.Build.0 = Release
	EndGlobalSection
	GlobalSection(SolutionProperties) = preSolution
		HideSolutionNode = FALSE
	EndGlobalSection
	GlobalSection(ExtensibilityGlobals) = postSolution
		SolutionGuid = {D8667C9E-E3B1-4D7E-AE5C-880B6593FB0D}
	EndGlobalSection
EndGlobal
